
Microsoft Visual Studio Solution File, Format Version 12.00
# Visual Studio Version 17
VisualStudioVersion = 17.2.32630.192
MinimumVisualStudioVersion = 10.0.40219.1
Project("{FAE04EC0-301F-11D3-BF4B-00C04F79EFBC}") = "Desafío", "Desafío\Desafío.csproj", "{C78E8F37-360E-44CB-9CEF-FFEECB70C621}"
EndProject
Global
	GlobalSection(SolutionConfigurationPlatforms) = preSolution
		Debug|Any CPU = Debug|Any CPU
		Release|Any CPU = Release|Any CPU
	EndGlobalSection
	GlobalSection(ProjectConfigurationPlatforms) = postSolution
		{C78E8F37-360E-44CB-9CEF-FFEECB70C621}.Debug|Any CPU.ActiveCfg = Debug|Any CPU
		{C78E8F37-360E-44CB-9CEF-FFEECB70C621}.Debug|Any CPU.Build.0 = Debug|Any CPU
		{C78E8F37-360E-44CB-9CEF-FFEECB70C621}.Release|Any CPU.ActiveCfg = Release|Any CPU
		{C78E8F37-360E-44CB-9CEF-FFEECB70C621}.Release|Any CPU.Build.0 = Release|Any CPU
	EndGlobalSection
	GlobalSection(SolutionProperties) = preSolution
		HideSolutionNode = FALSE
	EndGlobalSection
	GlobalSection(ExtensibilityGlobals) = postSolution
		SolutionGuid = {4B569319-02A3-4931-9A91-CD3AAF7B87AA}
	EndGlobalSection
EndGlobal
